// !$*UTF8*$!
{
	archiveVersion = 1;
	classes = {
	};
	objectVersion = 50;
	objects = {

/* Begin PBXBuildFile section */
		BF5F041920A8554A00BEED1C /* BoardClass.swift in Sources */ = {isa = PBXBuildFile; fileRef = BF5F041820A8554A00BEED1C /* BoardClass.swift */; };
		BF74699620A598C4000FFA2A /* AppDelegate.swift in Sources */ = {isa = PBXBuildFile; fileRef = BF74699520A598C4000FFA2A /* AppDelegate.swift */; };
		BF74699820A598C4000FFA2A /* ViewController.swift in Sources */ = {isa = PBXBuildFile; fileRef = BF74699720A598C4000FFA2A /* ViewController.swift */; };
		BF74699B20A598C4000FFA2A /* Main.storyboard in Resources */ = {isa = PBXBuildFile; fileRef = BF74699920A598C4000FFA2A /* Main.storyboard */; };
		BF74699D20A598C6000FFA2A /* Assets.xcassets in Resources */ = {isa = PBXBuildFile; fileRef = BF74699C20A598C6000FFA2A /* Assets.xcassets */; };
		BF7469A020A598C6000FFA2A /* LaunchScreen.storyboard in Resources */ = {isa = PBXBuildFile; fileRef = BF74699E20A598C6000FFA2A /* LaunchScreen.storyboard */; };
		BFDE1E1020A850B3005137EE /* PositionStruct.swift in Sources */ = {isa = PBXBuildFile; fileRef = BFDE1E0F20A850B3005137EE /* PositionStruct.swift */; };
		BFDE1E1220A85151005137EE /* StyleStruct.swift in Sources */ = {isa = PBXBuildFile; fileRef = BFDE1E1120A85151005137EE /* StyleStruct.swift */; };
		BFDE1E1620A8528F005137EE /* BoardSizeConfigStruct.swift in Sources */ = {isa = PBXBuildFile; fileRef = BFDE1E1520A8528F005137EE /* BoardSizeConfigStruct.swift */; };
		BFDE1E1820A8531C005137EE /* TileClass.swift in Sources */ = {isa = PBXBuildFile; fileRef = BFDE1E1720A8531C005137EE /* TileClass.swift */; };
/* End PBXBuildFile section */

/* Begin PBXFileReference section */
		BF5F041820A8554A00BEED1C /* BoardClass.swift */ = {isa = PBXFileReference; lastKnownFileType = sourcecode.swift; path = BoardClass.swift; sourceTree = "<group>"; };
		BF74699220A598C4000FFA2A /* 2048.app */ = {isa = PBXFileReference; explicitFileType = wrapper.application; includeInIndex = 0; path = 2048.app; sourceTree = BUILT_PRODUCTS_DIR; };
		BF74699520A598C4000FFA2A /* AppDelegate.swift */ = {isa = PBXFileReference; lastKnownFileType = sourcecode.swift; path = AppDelegate.swift; sourceTree = "<group>"; };
		BF74699720A598C4000FFA2A /* ViewController.swift */ = {isa = PBXFileReference; lastKnownFileType = sourcecode.swift; path = ViewController.swift; sourceTree = "<group>"; };
		BF74699A20A598C4000FFA2A /* Base */ = {isa = PBXFileReference; lastKnownFileType = file.storyboard; name = Base; path = Base.lproj/Main.storyboard; sourceTree = "<group>"; };
		BF74699C20A598C6000FFA2A /* Assets.xcassets */ = {isa = PBXFileReference; lastKnownFileType = folder.assetcatalog; path = Assets.xcassets; sourceTree = "<group>"; };
		BF74699F20A598C6000FFA2A /* Base */ = {isa = PBXFileReference; lastKnownFileType = file.storyboard; name = Base; path = Base.lproj/LaunchScreen.storyboard; sourceTree = "<group>"; };
		BF7469A120A598C6000FFA2A /* Info.plist */ = {isa = PBXFileReference; lastKnownFileType = text.plist.xml; path = Info.plist; sourceTree = "<group>"; };
		BFDE1E0F20A850B3005137EE /* PositionStruct.swift */ = {isa = PBXFileReference; lastKnownFileType = sourcecode.swift; path = PositionStruct.swift; sourceTree = "<group>"; };
		BFDE1E1120A85151005137EE /* StyleStruct.swift */ = {isa = PBXFileReference; lastKnownFileType = sourcecode.swift; path = StyleStruct.swift; sourceTree = "<group>"; };
		BFDE1E1520A8528F005137EE /* BoardSizeConfigStruct.swift */ = {isa = PBXFileReference; lastKnownFileType = sourcecode.swift; path = BoardSizeConfigStruct.swift; sourceTree = "<group>"; };
		BFDE1E1720A8531C005137EE /* TileClass.swift */ = {isa = PBXFileReference; lastKnownFileType = sourcecode.swift; path = TileClass.swift; sourceTree = "<group>"; };
/* End PBXFileReference section */

/* Begin PBXFrameworksBuildPhase section */
		BF74698F20A598C4000FFA2A /* Frameworks */ = {
			isa = PBXFrameworksBuildPhase;
			buildActionMask = 2147483647;
			files = (
			);
			runOnlyForDeploymentPostprocessing = 0;
		};
/* End PBXFrameworksBuildPhase section */

/* Begin PBXGroup section */
		BF74698920A598C4000FFA2A = {
			isa = PBXGroup;
			children = (
				BF74699420A598C4000FFA2A /* 2048 */,
				BF74699320A598C4000FFA2A /* Products */,
			);
			sourceTree = "<group>";
		};
		BF74699320A598C4000FFA2A /* Products */ = {
			isa = PBXGroup;
			children = (
				BF74699220A598C4000FFA2A /* 2048.app */,
			);
			name = Products;
			sourceTree = "<group>";
		};
		BF74699420A598C4000FFA2A /* 2048 */ = {
			isa = PBXGroup;
			children = (
				BF74699520A598C4000FFA2A /* AppDelegate.swift */,
				BF74699720A598C4000FFA2A /* ViewController.swift */,
				BF74699920A598C4000FFA2A /* Main.storyboard */,
				BF74699C20A598C6000FFA2A /* Assets.xcassets */,
				BF74699E20A598C6000FFA2A /* LaunchScreen.storyboard */,
				BF7469A120A598C6000FFA2A /* Info.plist */,
				BFDE1E0F20A850B3005137EE /* PositionStruct.swift */,
				BFDE1E1120A85151005137EE /* StyleStruct.swift */,
				BFDE1E1520A8528F005137EE /* BoardSizeConfigStruct.swift */,
				BFDE1E1720A8531C005137EE /* TileClass.swift */,
				BF5F041820A8554A00BEED1C /* BoardClass.swift */,
			);
			path = 2048;
			sourceTree = "<group>";
		};
/* End PBXGroup section */

/* Begin PBXNativeTarget section */
		BF74699120A598C4000FFA2A /* 2048 */ = {
			isa = PBXNativeTarget;
			buildConfigurationList = BF7469A420A598C6000FFA2A /* Build configuration list for PBXNativeTarget "2048" */;
			buildPhases = (
				BF74698E20A598C4000FFA2A /* Sources */,
				BF74698F20A598C4000FFA2A /* Frameworks */,
				BF74699020A598C4000FFA2A /* Resources */,
			);
			buildRules = (
			);
			dependencies = (
			);
			name = 2048;
			productName = 2048;
			productReference = BF74699220A598C4000FFA2A /* 2048.app */;
			productType = "com.apple.product-type.application";
		};
/* End PBXNativeTarget section */

/* Begin PBXProject section */
		BF74698A20A598C4000FFA2A /* Project object */ = {
			isa = PBXProject;
			attributes = {
				LastSwiftUpdateCheck = 0930;
				LastUpgradeCheck = 0930;
				ORGANIZATIONNAME = "Riley Usagi";
				TargetAttributes = {
					BF74699120A598C4000FFA2A = {
						CreatedOnToolsVersion = 9.3;
					};
				};
			};
			buildConfigurationList = BF74698D20A598C4000FFA2A /* Build configuration list for PBXProject "2048" */;
			compatibilityVersion = "Xcode 9.3";
			developmentRegion = en;
			hasScannedForEncodings = 0;
			knownRegions = (
				en,
				Base,
			);
			mainGroup = BF74698920A598C4000FFA2A;
			productRefGroup = BF74699320A598C4000FFA2A /* Products */;
			projectDirPath = "";
			projectRoot = "";
			targets = (
				BF74699120A598C4000FFA2A /* 2048 */,
			);
		};
/* End PBXProject section */

/* Begin PBXResourcesBuildPhase section */
		BF74699020A598C4000FFA2A /* Resources */ = {
			isa = PBXResourcesBuildPhase;
			buildActionMask = 2147483647;
			files = (
				BF7469A020A598C6000FFA2A /* LaunchScreen.storyboard in Resources */,
				BF74699D20A598C6000FFA2A /* Assets.xcassets in Resources */,
				BF74699B20A598C4000FFA2A /* Main.storyboard in Resources */,
			);
			runOnlyForDeploymentPostprocessing = 0;
		};
/* End PBXResourcesBuildPhase section */

/* Begin PBXSourcesBuildPhase section */
		BF74698E20A598C4000FFA2A /* Sources */ = {
			isa = PBXSourcesBuildPhase;
			buildActionMask = 2147483647;
			files = (
				BF74699820A598C4000FFA2A /* ViewController.swift in Sources */,
				BF5F041920A8554A00BEED1C /* BoardClass.swift in Sources */,
				BFDE1E1620A8528F005137EE /* BoardSizeConfigStruct.swift in Sources */,
				BFDE1E1020A850B3005137EE /* PositionStruct.swift in Sources */,
				BFDE1E1220A85151005137EE /* StyleStruct.swift in Sources */,
				BF74699620A598C4000FFA2A /* AppDelegate.swift in Sources */,
				BFDE1E1820A8531C005137EE /* TileClass.swift in Sources */,
			);
			runOnlyForDeploymentPostprocessing = 0;
		};
/* End PBXSourcesBuildPhase section */

/* Begin PBXVariantGroup section */
		BF74699920A598C4000FFA2A /* Main.storyboard */ = {
			isa = PBXVariantGroup;
			children = (
				BF74699A20A598C4000FFA2A /* Base */,
			);
			name = Main.storyboard;
			sourceTree = "<group>";
		};
		BF74699E20A598C6000FFA2A /* LaunchScreen.storyboard */ = {
			isa = PBXVariantGroup;
			children = (
				BF74699F20A598C6000FFA2A /* Base */,
			);
			name = LaunchScreen.storyboard;
			sourceTree = "<group>";
		};
/* End PBXVariantGroup section */

/* Begin XCBuildConfiguration section */
		BF7469A220A598C6000FFA2A /* Debug */ = {
			isa = XCBuildConfiguration;
			buildSettings = {
				ALWAYS_SEARCH_USER_PATHS = NO;
				CLANG_ANALYZER_NONNULL = YES;
				CLANG_ANALYZER_NUMBER_OBJECT_CONVERSION = YES_AGGRESSIVE;
				CLANG_CXX_LANGUAGE_STANDARD = "gnu++14";
				CLANG_CXX_LIBRARY = "libc++";
				CLANG_ENABLE_MODULES = YES;
				CLANG_ENABLE_OBJC_ARC = YES;
				CLANG_ENABLE_OBJC_WEAK = YES;
				CLANG_WARN_BLOCK_CAPTURE_AUTORELEASING = YES;
				CLANG_WARN_BOOL_CONVERSION = YES;
				CLANG_WARN_COMMA = YES;
				CLANG_WARN_CONSTANT_CONVERSION = YES;
				CLANG_WARN_DEPRECATED_OBJC_IMPLEMENTATIONS = YES;
				CLANG_WARN_DIRECT_OBJC_ISA_USAGE = YES_ERROR;
				CLANG_WARN_DOCUMENTATION_COMMENTS = YES;
				CLANG_WARN_EMPTY_BODY = YES;
				CLANG_WARN_ENUM_CONVERSION = YES;
				CLANG_WARN_INFINITE_RECURSION = YES;
				CLANG_WARN_INT_CONVERSION = YES;
				CLANG_WARN_NON_LITERAL_NULL_CONVERSION = YES;
				CLANG_WARN_OBJC_IMPLICIT_RETAIN_SELF = YES;
				CLANG_WARN_OBJC_LITERAL_CONVERSION = YES;
				CLANG_WARN_OBJC_ROOT_CLASS = YES_ERROR;
				CLANG_WARN_RANGE_LOOP_ANALYSIS = YES;
				CLANG_WARN_STRICT_PROTOTYPES = YES;
				CLANG_WARN_SUSPICIOUS_MOVE = YES;
				CLANG_WARN_UNGUARDED_AVAILABILITY = YES_AGGRESSIVE;
				CLANG_WARN_UNREACHABLE_CODE = YES;
				CLANG_WARN__DUPLICATE_METHOD_MATCH = YES;
				CODE_SIGN_IDENTITY = "iPhone Developer";
				COPY_PHASE_STRIP = NO;
				DEBUG_INFORMATION_FORMAT = dwarf;
				ENABLE_STRICT_OBJC_MSGSEND = YES;
				ENABLE_TESTABILITY = YES;
				GCC_C_LANGUAGE_STANDARD = gnu11;
				GCC_DYNAMIC_NO_PIC = NO;
				GCC_NO_COMMON_BLOCKS = YES;
				GCC_OPTIMIZATION_LEVEL = 0;
				GCC_PREPROCESSOR_DEFINITIONS = (
					"DEBUG=1",
					"$(inherited)",
				);
				GCC_WARN_64_TO_32_BIT_CONVERSION = YES;
				GCC_WARN_ABOUT_RETURN_TYPE = YES_ERROR;
				GCC_WARN_UNDECLARED_SELECTOR = YES;
				GCC_WARN_UNINITIALIZED_AUTOS = YES_AGGRESSIVE;
				GCC_WARN_UNUSED_FUNCTION = YES;
				GCC_WARN_UNUSED_VARIABLE = YES;
				IPHONEOS_DEPLOYMENT_TARGET = 11.3;
				MTL_ENABLE_DEBUG_INFO = YES;
				ONLY_ACTIVE_ARCH = YES;
				SDKROOT = iphoneos;
				SWIFT_ACTIVE_COMPILATION_CONDITIONS = DEBUG;
				SWIFT_OPTIMIZATION_LEVEL = "-Onone";
			};
			name = Debug;
		};
		BF7469A320A598C6000FFA2A /* Release */ = {
			isa = XCBuildConfiguration;
			buildSettings = {
				ALWAYS_SEARCH_USER_PATHS = NO;
				CLANG_ANALYZER_NONNULL = YES;
				CLANG_ANALYZER_NUMBER_OBJECT_CONVERSION = YES_AGGRESSIVE;
				CLANG_CXX_LANGUAGE_STANDARD = "gnu++14";
				CLANG_CXX_LIBRARY = "libc++";
				CLANG_ENABLE_MODULES = YES;
				CLANG_ENABLE_OBJC_ARC = YES;
				CLANG_ENABLE_OBJC_WEAK = YES;
				CLANG_WARN_BLOCK_CAPTURE_AUTORELEASING = YES;
				CLANG_WARN_BOOL_CONVERSION = YES;
				CLANG_WARN_COMMA = YES;
				CLANG_WARN_CONSTANT_CONVERSION = YES;
				CLANG_WARN_DEPRECATED_OBJC_IMPLEMENTATIONS = YES;
				CLANG_WARN_DIRECT_OBJC_ISA_USAGE = YES_ERROR;
				CLANG_WARN_DOCUMENTATION_COMMENTS = YES;
				CLANG_WARN_EMPTY_BODY = YES;
				CLANG_WARN_ENUM_CONVERSION = YES;
				CLANG_WARN_INFINITE_RECURSION = YES;
				CLANG_WARN_INT_CONVERSION = YES;
				CLANG_WARN_NON_LITERAL_NULL_CONVERSION = YES;
				CLANG_WARN_OBJC_IMPLICIT_RETAIN_SELF = YES;
				CLANG_WARN_OBJC_LITERAL_CONVERSION = YES;
				CLANG_WARN_OBJC_ROOT_CLASS = YES_ERROR;
				CLANG_WARN_RANGE_LOOP_ANALYSIS = YES;
				CLANG_WARN_STRICT_PROTOTYPES = YES;
				CLANG_WARN_SUSPICIOUS_MOVE = YES;
				CLANG_WARN_UNGUARDED_AVAILABILITY = YES_AGGRESSIVE;
				CLANG_WARN_UNREACHABLE_CODE = YES;
				CLANG_WARN__DUPLICATE_METHOD_MATCH = YES;
				CODE_SIGN_IDENTITY = "iPhone Developer";
				COPY_PHASE_STRIP = NO;
				DEBUG_INFORMATION_FORMAT = "dwarf-with-dsym";
				ENABLE_NS_ASSERTIONS = NO;
				ENABLE_STRICT_OBJC_MSGSEND = YES;
				GCC_C_LANGUAGE_STANDARD = gnu11;
				GCC_NO_COMMON_BLOCKS = YES;
				GCC_WARN_64_TO_32_BIT_CONVERSION = YES;
				GCC_WARN_ABOUT_RETURN_TYPE = YES_ERROR;
				GCC_WARN_UNDECLARED_SELECTOR = YES;
				GCC_WARN_UNINITIALIZED_AUTOS = YES_AGGRESSIVE;
				GCC_WARN_UNUSED_FUNCTION = YES;
				GCC_WARN_UNUSED_VARIABLE = YES;
				IPHONEOS_DEPLOYMENT_TARGET = 11.3;
				MTL_ENABLE_DEBUG_INFO = NO;
				SDKROOT = iphoneos;
				SWIFT_COMPILATION_MODE = wholemodule;
				SWIFT_OPTIMIZATION_LEVEL = "-O";
				VALIDATE_PRODUCT = YES;
			};
			name = Release;
		};
		BF7469A520A598C6000FFA2A /* Debug */ = {
			isa = XCBuildConfiguration;
			buildSettings = {
				ASSETCATALOG_COMPILER_APPICON_NAME = AppIcon;
				CODE_SIGN_STYLE = Automatic;
				DEVELOPMENT_TEAM = 683CXDNH79;
				INFOPLIST_FILE = 2048/Info.plist;
				LD_RUNPATH_SEARCH_PATHS = (
					"$(inherited)",
					"@executable_path/Frameworks",
				);
				PRODUCT_BUNDLE_IDENTIFIER = "Elanice-Ai.-048";
				PRODUCT_NAME = "$(TARGET_NAME)";
				SWIFT_VERSION = 4.0;
				TARGETED_DEVICE_FAMILY = "1,2";
			};
			name = Debug;
		};
		BF7469A620A598C6000FFA2A /* Release */ = {
			isa = XCBuildConfiguration;
			buildSettings = {
				ASSETCATALOG_COMPILER_APPICON_NAME = AppIcon;
				CODE_SIGN_STYLE = Automatic;
				DEVELOPMENT_TEAM = 683CXDNH79;
				INFOPLIST_FILE = 2048/Info.plist;
				LD_RUNPATH_SEARCH_PATHS = (
					"$(inherited)",
					"@executable_path/Frameworks",
				);
				PRODUCT_BUNDLE_IDENTIFIER = "Elanice-Ai.-048";
				PRODUCT_NAME = "$(TARGET_NAME)";
				SWIFT_VERSION = 4.0;
				TARGETED_DEVICE_FAMILY = "1,2";
			};
			name = Release;
		};
/* End XCBuildConfiguration section */

/* Begin XCConfigurationList section */
		BF74698D20A598C4000FFA2A /* Build configuration list for PBXProject "2048" */ = {
			isa = XCConfigurationList;
			buildConfigurations = (
				BF7469A220A598C6000FFA2A /* Debug */,
				BF7469A320A598C6000FFA2A /* Release */,
			);
			defaultConfigurationIsVisible = 0;
			defaultConfigurationName = Release;
		};
		BF7469A420A598C6000FFA2A /* Build configuration list for PBXNativeTarget "2048" */ = {
			isa = XCConfigurationList;
			buildConfigurations = (
				BF7469A520A598C6000FFA2A /* Debug */,
				BF7469A620A598C6000FFA2A /* Release */,
			);
			defaultConfigurationIsVisible = 0;
			defaultConfigurationName = Release;
		};
/* End XCConfigurationList section */
	};
	rootObject = BF74698A20A598C4000FFA2A /* Project object */;
}
